
Microsoft Visual Studio Solution File, Format Version 12.00
# Visual Studio Version 17
VisualStudioVersion = 17.8.34330.188
MinimumVisualStudioVersion = 10.0.40219.1
Project("{2150E333-8FDC-42A3-9474-1A3956D46DE8}") = "Services", "Services", "{76F68418-3469-470D-802F-BC3054AABA1E}"
EndProject
Project("{2150E333-8FDC-42A3-9474-1A3956D46DE8}") = "Catalog", "Catalog", "{38C6D59D-FD15-40A8-8E4D-162E9485303D}"
EndProject
Project("{9A19103F-16F7-4668-BE54-9A1E7A4F7556}") = "MultiShop.Catalog", "Services\Catalog\MultiShop.Catalog\MultiShop.Catalog.csproj", "{74714BE9-1927-42A5-A19F-514366B9B66A}"
EndProject
Project("{2150E333-8FDC-42A3-9474-1A3956D46DE8}") = "Discount", "Discount", "{B9F61ADD-3D08-4B20-AAA5-0FD1BCCF7E43}"
EndProject
Project("{9A19103F-16F7-4668-BE54-9A1E7A4F7556}") = "MultiShop.Discount", "Services\Discount\MultiShop.Dİscount\MultiShop.Discount.csproj", "{8F807AF2-5176-49B2-82CE-0AB72380A2D2}"
EndProject
Project("{2150E333-8FDC-42A3-9474-1A3956D46DE8}") = "Order", "Order", "{5CDB5EBD-9BDD-4A7E-A819-9354EEC02857}"
EndProject
Project("{2150E333-8FDC-42A3-9474-1A3956D46DE8}") = "Core", "Core", "{830D7D13-2505-497B-8E62-C872D639CB40}"
EndProject
Project("{2150E333-8FDC-42A3-9474-1A3956D46DE8}") = "Infrastructure", "Infrastructure", "{1E12462F-2ED5-4AE1-B6A1-DC9DCCC83252}"
EndProject
Project("{2150E333-8FDC-42A3-9474-1A3956D46DE8}") = "Presentation", "Presentation", "{10BB3090-85C8-4AB3-8DB6-6F8D2539C8BB}"
EndProject
Project("{9A19103F-16F7-4668-BE54-9A1E7A4F7556}") = "MultiShop.Order.Application", "MultiShop.Order.WebApi\MultiShop.Order.Application.csproj", "{3C546B03-B2A7-40BA-BCCC-CFF43BC4B100}"
EndProject
Project("{9A19103F-16F7-4668-BE54-9A1E7A4F7556}") = "MultiShop.Order.Domain", "MultiShop.Order.Domain\MultiShop.Order.Domain.csproj", "{49B51CDA-997F-4ED2-9D70-A854B7F7A455}"
EndProject
Project("{9A19103F-16F7-4668-BE54-9A1E7A4F7556}") = "MultiShop.Order.Persistence", "MultiShop.Order.Persistence\MultiShop.Order.Persistence.csproj", "{CCF043EC-BA93-4242-A104-3E64C0B7499E}"
EndProject
Project("{9A19103F-16F7-4668-BE54-9A1E7A4F7556}") = "MultiShop.Order.WebApi", "Order\Presentation\MultiShop.Order.WebApi\MultiShop.Order.WebApi.csproj", "{7D266103-F7EA-45E6-BF5F-202F7BE8D47A}"
EndProject
Project("{2150E333-8FDC-42A3-9474-1A3956D46DE8}") = "IdentityServer", "IdentityServer", "{527E512A-BFCF-4044-AFF2-4F62ECFECF81}"
EndProject
Project("{9A19103F-16F7-4668-BE54-9A1E7A4F7556}") = "MultiShop.IdentityServer", "IdentityServer\MultiShop.IdentityServer\MultiShop.IdentityServer.csproj", "{11CD053D-1032-4A4F-B7C2-4616761491D7}"
EndProject
Project("{2150E333-8FDC-42A3-9474-1A3956D46DE8}") = "Requirements", "Requirements", "{000BDD09-C3F5-476E-85CA-0C2EAF288DDB}"
EndProject
Project("{2150E333-8FDC-42A3-9474-1A3956D46DE8}") = "Cargo", "Cargo", "{3B99DAAA-64E4-4F76-9474-CCD76B767350}"
EndProject
Project("{FAE04EC0-301F-11D3-BF4B-00C04F79EFBC}") = "MultiShop.Cargo.EntityLayer", "Services\Cargo\MultiShop.Cargo.EntityLayer\MultiShop.Cargo.EntityLayer.csproj", "{5180AF53-C74B-476D-9BFF-96C7E3D74222}"
EndProject
Project("{FAE04EC0-301F-11D3-BF4B-00C04F79EFBC}") = "MultiShop.Cargo.BusinessLayer", "Services\Cargo\MultiShop.Cargo.BusinessLayer\MultiShop.Cargo.BusinessLayer.csproj", "{EFB58724-8D17-4E9A-8F17-BEFA78D373C1}"
EndProject
Project("{FAE04EC0-301F-11D3-BF4B-00C04F79EFBC}") = "MultiShop.Cargo.DataAccessLayer", "Services\Cargo\MultiShop.Cargo.DataAccessLayer\MultiShop.Cargo.DataAccessLayer.csproj", "{7E7B8DE0-788C-445E-82E1-54999BA84A25}"
EndProject
Project("{FAE04EC0-301F-11D3-BF4B-00C04F79EFBC}") = "MultiShop.Cargo.DtoLayer", "Services\Cargo\MultiShop.Cargo.DtoLayer\MultiShop.Cargo.DtoLayer.csproj", "{B15B0557-B4B9-4673-994B-27E208E45F41}"
EndProject
Project("{FAE04EC0-301F-11D3-BF4B-00C04F79EFBC}") = "MultiShop.Cargo.WebApi", "Services\Cargo\MultiShop.Cargo.WebApi\MultiShop.Cargo.WebApi.csproj", "{6AEDB3B5-91FB-4DA8-9181-9010C38AB002}"
EndProject
Global
	GlobalSection(SolutionConfigurationPlatforms) = preSolution
		Debug|Any CPU = Debug|Any CPU
		Release|Any CPU = Release|Any CPU
	EndGlobalSection
	GlobalSection(ProjectConfigurationPlatforms) = postSolution
		{74714BE9-1927-42A5-A19F-514366B9B66A}.Debug|Any CPU.ActiveCfg = Debug|Any CPU
		{74714BE9-1927-42A5-A19F-514366B9B66A}.Debug|Any CPU.Build.0 = Debug|Any CPU
		{74714BE9-1927-42A5-A19F-514366B9B66A}.Release|Any CPU.ActiveCfg = Release|Any CPU
		{74714BE9-1927-42A5-A19F-514366B9B66A}.Release|Any CPU.Build.0 = Release|Any CPU
		{8F807AF2-5176-49B2-82CE-0AB72380A2D2}.Debug|Any CPU.ActiveCfg = Debug|Any CPU
		{8F807AF2-5176-49B2-82CE-0AB72380A2D2}.Debug|Any CPU.Build.0 = Debug|Any CPU
		{8F807AF2-5176-49B2-82CE-0AB72380A2D2}.Release|Any CPU.ActiveCfg = Release|Any CPU
		{8F807AF2-5176-49B2-82CE-0AB72380A2D2}.Release|Any CPU.Build.0 = Release|Any CPU
		{3C546B03-B2A7-40BA-BCCC-CFF43BC4B100}.Debug|Any CPU.ActiveCfg = Debug|Any CPU
		{3C546B03-B2A7-40BA-BCCC-CFF43BC4B100}.Debug|Any CPU.Build.0 = Debug|Any CPU
		{3C546B03-B2A7-40BA-BCCC-CFF43BC4B100}.Release|Any CPU.ActiveCfg = Release|Any CPU
		{3C546B03-B2A7-40BA-BCCC-CFF43BC4B100}.Release|Any CPU.Build.0 = Release|Any CPU
		{49B51CDA-997F-4ED2-9D70-A854B7F7A455}.Debug|Any CPU.ActiveCfg = Debug|Any CPU
		{49B51CDA-997F-4ED2-9D70-A854B7F7A455}.Debug|Any CPU.Build.0 = Debug|Any CPU
		{49B51CDA-997F-4ED2-9D70-A854B7F7A455}.Release|Any CPU.ActiveCfg = Release|Any CPU
		{49B51CDA-997F-4ED2-9D70-A854B7F7A455}.Release|Any CPU.Build.0 = Release|Any CPU
		{CCF043EC-BA93-4242-A104-3E64C0B7499E}.Debug|Any CPU.ActiveCfg = Debug|Any CPU
		{CCF043EC-BA93-4242-A104-3E64C0B7499E}.Debug|Any CPU.Build.0 = Debug|Any CPU
		{CCF043EC-BA93-4242-A104-3E64C0B7499E}.Release|Any CPU.ActiveCfg = Release|Any CPU
		{CCF043EC-BA93-4242-A104-3E64C0B7499E}.Release|Any CPU.Build.0 = Release|Any CPU
		{7D266103-F7EA-45E6-BF5F-202F7BE8D47A}.Debug|Any CPU.ActiveCfg = Debug|Any CPU
		{7D266103-F7EA-45E6-BF5F-202F7BE8D47A}.Debug|Any CPU.Build.0 = Debug|Any CPU
		{7D266103-F7EA-45E6-BF5F-202F7BE8D47A}.Release|Any CPU.ActiveCfg = Release|Any CPU
		{7D266103-F7EA-45E6-BF5F-202F7BE8D47A}.Release|Any CPU.Build.0 = Release|Any CPU
		{11CD053D-1032-4A4F-B7C2-4616761491D7}.Debug|Any CPU.ActiveCfg = Debug|Any CPU
		{11CD053D-1032-4A4F-B7C2-4616761491D7}.Debug|Any CPU.Build.0 = Debug|Any CPU
		{11CD053D-1032-4A4F-B7C2-4616761491D7}.Release|Any CPU.ActiveCfg = Release|Any CPU
		{11CD053D-1032-4A4F-B7C2-4616761491D7}.Release|Any CPU.Build.0 = Release|Any CPU
		{5180AF53-C74B-476D-9BFF-96C7E3D74222}.Debug|Any CPU.ActiveCfg = Debug|Any CPU
		{5180AF53-C74B-476D-9BFF-96C7E3D74222}.Debug|Any CPU.Build.0 = Debug|Any CPU
		{5180AF53-C74B-476D-9BFF-96C7E3D74222}.Release|Any CPU.ActiveCfg = Release|Any CPU
		{5180AF53-C74B-476D-9BFF-96C7E3D74222}.Release|Any CPU.Build.0 = Release|Any CPU
		{EFB58724-8D17-4E9A-8F17-BEFA78D373C1}.Debug|Any CPU.ActiveCfg = Debug|Any CPU
		{EFB58724-8D17-4E9A-8F17-BEFA78D373C1}.Debug|Any CPU.Build.0 = Debug|Any CPU
		{EFB58724-8D17-4E9A-8F17-BEFA78D373C1}.Release|Any CPU.ActiveCfg = Release|Any CPU
		{EFB58724-8D17-4E9A-8F17-BEFA78D373C1}.Release|Any CPU.Build.0 = Release|Any CPU
		{7E7B8DE0-788C-445E-82E1-54999BA84A25}.Debug|Any CPU.ActiveCfg = Debug|Any CPU
		{7E7B8DE0-788C-445E-82E1-54999BA84A25}.Debug|Any CPU.Build.0 = Debug|Any CPU
		{7E7B8DE0-788C-445E-82E1-54999BA84A25}.Release|Any CPU.ActiveCfg = Release|Any CPU
		{7E7B8DE0-788C-445E-82E1-54999BA84A25}.Release|Any CPU.Build.0 = Release|Any CPU
		{B15B0557-B4B9-4673-994B-27E208E45F41}.Debug|Any CPU.ActiveCfg = Debug|Any CPU
		{B15B0557-B4B9-4673-994B-27E208E45F41}.Debug|Any CPU.Build.0 = Debug|Any CPU
		{B15B0557-B4B9-4673-994B-27E208E45F41}.Release|Any CPU.ActiveCfg = Release|Any CPU
		{B15B0557-B4B9-4673-994B-27E208E45F41}.Release|Any CPU.Build.0 = Release|Any CPU
		{6AEDB3B5-91FB-4DA8-9181-9010C38AB002}.Debug|Any CPU.ActiveCfg = Debug|Any CPU
		{6AEDB3B5-91FB-4DA8-9181-9010C38AB002}.Debug|Any CPU.Build.0 = Debug|Any CPU
		{6AEDB3B5-91FB-4DA8-9181-9010C38AB002}.Release|Any CPU.ActiveCfg = Release|Any CPU
		{6AEDB3B5-91FB-4DA8-9181-9010C38AB002}.Release|Any CPU.Build.0 = Release|Any CPU
	EndGlobalSection
	GlobalSection(SolutionProperties) = preSolution
		HideSolutionNode = FALSE
	EndGlobalSection
	GlobalSection(NestedProjects) = preSolution
		{38C6D59D-FD15-40A8-8E4D-162E9485303D} = {76F68418-3469-470D-802F-BC3054AABA1E}
		{74714BE9-1927-42A5-A19F-514366B9B66A} = {38C6D59D-FD15-40A8-8E4D-162E9485303D}
		{B9F61ADD-3D08-4B20-AAA5-0FD1BCCF7E43} = {76F68418-3469-470D-802F-BC3054AABA1E}
		{8F807AF2-5176-49B2-82CE-0AB72380A2D2} = {B9F61ADD-3D08-4B20-AAA5-0FD1BCCF7E43}
		{5CDB5EBD-9BDD-4A7E-A819-9354EEC02857} = {76F68418-3469-470D-802F-BC3054AABA1E}
		{830D7D13-2505-497B-8E62-C872D639CB40} = {5CDB5EBD-9BDD-4A7E-A819-9354EEC02857}
		{1E12462F-2ED5-4AE1-B6A1-DC9DCCC83252} = {5CDB5EBD-9BDD-4A7E-A819-9354EEC02857}
		{10BB3090-85C8-4AB3-8DB6-6F8D2539C8BB} = {5CDB5EBD-9BDD-4A7E-A819-9354EEC02857}
		{3C546B03-B2A7-40BA-BCCC-CFF43BC4B100} = {830D7D13-2505-497B-8E62-C872D639CB40}
		{49B51CDA-997F-4ED2-9D70-A854B7F7A455} = {830D7D13-2505-497B-8E62-C872D639CB40}
		{CCF043EC-BA93-4242-A104-3E64C0B7499E} = {1E12462F-2ED5-4AE1-B6A1-DC9DCCC83252}
		{7D266103-F7EA-45E6-BF5F-202F7BE8D47A} = {10BB3090-85C8-4AB3-8DB6-6F8D2539C8BB}
		{11CD053D-1032-4A4F-B7C2-4616761491D7} = {527E512A-BFCF-4044-AFF2-4F62ECFECF81}
		{3B99DAAA-64E4-4F76-9474-CCD76B767350} = {76F68418-3469-470D-802F-BC3054AABA1E}
		{5180AF53-C74B-476D-9BFF-96C7E3D74222} = {3B99DAAA-64E4-4F76-9474-CCD76B767350}
		{EFB58724-8D17-4E9A-8F17-BEFA78D373C1} = {3B99DAAA-64E4-4F76-9474-CCD76B767350}
		{7E7B8DE0-788C-445E-82E1-54999BA84A25} = {3B99DAAA-64E4-4F76-9474-CCD76B767350}
		{B15B0557-B4B9-4673-994B-27E208E45F41} = {3B99DAAA-64E4-4F76-9474-CCD76B767350}
		{6AEDB3B5-91FB-4DA8-9181-9010C38AB002} = {3B99DAAA-64E4-4F76-9474-CCD76B767350}
	EndGlobalSection
	GlobalSection(ExtensibilityGlobals) = postSolution
		SolutionGuid = {838EA8F7-755E-4247-A15A-FE7F1A09C78A}
	EndGlobalSection
EndGlobal
